// !$*UTF8*$!
{
	archiveVersion = 1;
	classes = {
	};
	objectVersion = 56;
	objects = {

/* Begin PBXBuildFile section */
		04CC6EDD2B4D26C900C6815F /* IQKeyboardManagerSwift in Frameworks */ = {isa = PBXBuildFile; productRef = 04CC6EDC2B4D26C900C6815F /* IQKeyboardManagerSwift */; };
		04FDB4252B4D0A28002F1496 /* AppDelegate.swift in Sources */ = {isa = PBXBuildFile; fileRef = 04FDB4242B4D0A28002F1496 /* AppDelegate.swift */; };
		04FDB4272B4D0A28002F1496 /* SceneDelegate.swift in Sources */ = {isa = PBXBuildFile; fileRef = 04FDB4262B4D0A28002F1496 /* SceneDelegate.swift */; };
		04FDB42C2B4D0A28002F1496 /* Main.storyboard in Resources */ = {isa = PBXBuildFile; fileRef = 04FDB42A2B4D0A28002F1496 /* Main.storyboard */; };
		04FDB42F2B4D0A28002F1496 /* CRUDCoreDataSwift.xcdatamodeld in Sources */ = {isa = PBXBuildFile; fileRef = 04FDB42D2B4D0A28002F1496 /* CRUDCoreDataSwift.xcdatamodeld */; };
		04FDB4312B4D0A2A002F1496 /* Assets.xcassets in Resources */ = {isa = PBXBuildFile; fileRef = 04FDB4302B4D0A2A002F1496 /* Assets.xcassets */; };
		04FDB4342B4D0A2A002F1496 /* LaunchScreen.storyboard in Resources */ = {isa = PBXBuildFile; fileRef = 04FDB4322B4D0A2A002F1496 /* LaunchScreen.storyboard */; };
		04FDB4412B4D0BC4002F1496 /* DataBaseManager.swift in Sources */ = {isa = PBXBuildFile; fileRef = 04FDB4402B4D0BC4002F1496 /* DataBaseManager.swift */; };
		04FDB4472B4D0D51002F1496 /* UserModelSwift.swift in Sources */ = {isa = PBXBuildFile; fileRef = 04FDB4462B4D0D51002F1496 /* UserModelSwift.swift */; };
		04FDB44A2B4D0D6E002F1496 /* UserTVC.swift in Sources */ = {isa = PBXBuildFile; fileRef = 04FDB4482B4D0D6D002F1496 /* UserTVC.swift */; };
		04FDB44B2B4D0D6E002F1496 /* UserTVC.xib in Resources */ = {isa = PBXBuildFile; fileRef = 04FDB4492B4D0D6E002F1496 /* UserTVC.xib */; };
		04FDB44D2B4D0D87002F1496 /* RegisterVC.swift in Sources */ = {isa = PBXBuildFile; fileRef = 04FDB44C2B4D0D87002F1496 /* RegisterVC.swift */; };
		04FDB44F2B4D0D93002F1496 /* UserListVC.swift in Sources */ = {isa = PBXBuildFile; fileRef = 04FDB44E2B4D0D93002F1496 /* UserListVC.swift */; };
/* End PBXBuildFile section */

/* Begin PBXFileReference section */
		04FDB4212B4D0A28002F1496 /* CRUDCoreDataSwift.app */ = {isa = PBXFileReference; explicitFileType = wrapper.application; includeInIndex = 0; path = CRUDCoreDataSwift.app; sourceTree = BUILT_PRODUCTS_DIR; };
		04FDB4242B4D0A28002F1496 /* AppDelegate.swift */ = {isa = PBXFileReference; lastKnownFileType = sourcecode.swift; path = AppDelegate.swift; sourceTree = "<group>"; };
		04FDB4262B4D0A28002F1496 /* SceneDelegate.swift */ = {isa = PBXFileReference; lastKnownFileType = sourcecode.swift; path = SceneDelegate.swift; sourceTree = "<group>"; };
		04FDB42B2B4D0A28002F1496 /* Base */ = {isa = PBXFileReference; lastKnownFileType = file.storyboard; name = Base; path = Base.lproj/Main.storyboard; sourceTree = "<group>"; };
		04FDB42E2B4D0A28002F1496 /* CRUDCoreDataSwift.xcdatamodel */ = {isa = PBXFileReference; lastKnownFileType = wrapper.xcdatamodel; path = CRUDCoreDataSwift.xcdatamodel; sourceTree = "<group>"; };
		04FDB4302B4D0A2A002F1496 /* Assets.xcassets */ = {isa = PBXFileReference; lastKnownFileType = folder.assetcatalog; path = Assets.xcassets; sourceTree = "<group>"; };
		04FDB4332B4D0A2A002F1496 /* Base */ = {isa = PBXFileReference; lastKnownFileType = file.storyboard; name = Base; path = Base.lproj/LaunchScreen.storyboard; sourceTree = "<group>"; };
		04FDB4352B4D0A2A002F1496 /* Info.plist */ = {isa = PBXFileReference; lastKnownFileType = text.plist.xml; path = Info.plist; sourceTree = "<group>"; };
		04FDB4402B4D0BC4002F1496 /* DataBaseManager.swift */ = {isa = PBXFileReference; lastKnownFileType = sourcecode.swift; path = DataBaseManager.swift; sourceTree = "<group>"; };
		04FDB4462B4D0D51002F1496 /* UserModelSwift.swift */ = {isa = PBXFileReference; lastKnownFileType = sourcecode.swift; path = UserModelSwift.swift; sourceTree = "<group>"; };
		04FDB4482B4D0D6D002F1496 /* UserTVC.swift */ = {isa = PBXFileReference; fileEncoding = 4; indentWidth = 3; lastKnownFileType = sourcecode.swift; path = UserTVC.swift; sourceTree = "<group>"; };
		04FDB4492B4D0D6E002F1496 /* UserTVC.xib */ = {isa = PBXFileReference; fileEncoding = 4; lastKnownFileType = file.xib; path = UserTVC.xib; sourceTree = "<group>"; };
		04FDB44C2B4D0D87002F1496 /* RegisterVC.swift */ = {isa = PBXFileReference; lastKnownFileType = sourcecode.swift; path = RegisterVC.swift; sourceTree = "<group>"; };
		04FDB44E2B4D0D93002F1496 /* UserListVC.swift */ = {isa = PBXFileReference; lastKnownFileType = sourcecode.swift; path = UserListVC.swift; sourceTree = "<group>"; };
/* End PBXFileReference section */

/* Begin PBXFrameworksBuildPhase section */
		04FDB41E2B4D0A28002F1496 /* Frameworks */ = {
			isa = PBXFrameworksBuildPhase;
			buildActionMask = 2147483647;
			files = (
				04CC6EDD2B4D26C900C6815F /* IQKeyboardManagerSwift in Frameworks */,
			);
			runOnlyForDeploymentPostprocessing = 0;
		};
/* End PBXFrameworksBuildPhase section */

/* Begin PBXGroup section */
		04FDB4182B4D0A28002F1496 = {
			isa = PBXGroup;
			children = (
				04FDB4232B4D0A28002F1496 /* CRUDCoreDataSwift */,
				04FDB4222B4D0A28002F1496 /* Products */,
			);
			sourceTree = "<group>";
		};
		04FDB4222B4D0A28002F1496 /* Products */ = {
			isa = PBXGroup;
			children = (
				04FDB4212B4D0A28002F1496 /* CRUDCoreDataSwift.app */,
			);
			name = Products;
			sourceTree = "<group>";
		};
		04FDB4232B4D0A28002F1496 /* CRUDCoreDataSwift */ = {
			isa = PBXGroup;
			children = (
				04FDB43B2B4D0AB9002F1496 /* Application */,
				04FDB43C2B4D0ABF002F1496 /* Database */,
				04FDB43D2B4D0AC9002F1496 /* Screen */,
				04FDB43E2B4D0ACE002F1496 /* Storyboard */,
				04FDB43F2B4D0AD5002F1496 /* Resources */,
				04FDB4352B4D0A2A002F1496 /* Info.plist */,
			);
			path = CRUDCoreDataSwift;
			sourceTree = "<group>";
		};
		04FDB43B2B4D0AB9002F1496 /* Application */ = {
			isa = PBXGroup;
			children = (
				04FDB4242B4D0A28002F1496 /* AppDelegate.swift */,
				04FDB4262B4D0A28002F1496 /* SceneDelegate.swift */,
			);
			path = Application;
			sourceTree = "<group>";
		};
		04FDB43C2B4D0ABF002F1496 /* Database */ = {
			isa = PBXGroup;
			children = (
				04FDB42D2B4D0A28002F1496 /* CRUDCoreDataSwift.xcdatamodeld */,
				04FDB4402B4D0BC4002F1496 /* DataBaseManager.swift */,
			);
			path = Database;
			sourceTree = "<group>";
		};
		04FDB43D2B4D0AC9002F1496 /* Screen */ = {
			isa = PBXGroup;
			children = (
				04FDB4422B4D0D2D002F1496 /* User */,
			);
			path = Screen;
			sourceTree = "<group>";
		};
		04FDB43E2B4D0ACE002F1496 /* Storyboard */ = {
			isa = PBXGroup;
			children = (
				04FDB42A2B4D0A28002F1496 /* Main.storyboard */,
				04FDB4322B4D0A2A002F1496 /* LaunchScreen.storyboard */,
			);
			path = Storyboard;
			sourceTree = "<group>";
		};
		04FDB43F2B4D0AD5002F1496 /* Resources */ = {
			isa = PBXGroup;
			children = (
				04FDB4302B4D0A2A002F1496 /* Assets.xcassets */,
			);
			path = Resources;
			sourceTree = "<group>";
		};
		04FDB4422B4D0D2D002F1496 /* User */ = {
			isa = PBXGroup;
			children = (
				04FDB4452B4D0D3F002F1496 /* Model */,
				04FDB4442B4D0D3B002F1496 /* View */,
				04FDB4432B4D0D37002F1496 /* Controller */,
			);
			path = User;
			sourceTree = "<group>";
		};
		04FDB4432B4D0D37002F1496 /* Controller */ = {
			isa = PBXGroup;
			children = (
				04FDB44E2B4D0D93002F1496 /* UserListVC.swift */,
				04FDB44C2B4D0D87002F1496 /* RegisterVC.swift */,
			);
			path = Controller;
			sourceTree = "<group>";
		};
		04FDB4442B4D0D3B002F1496 /* View */ = {
			isa = PBXGroup;
			children = (
				04FDB4482B4D0D6D002F1496 /* UserTVC.swift */,
				04FDB4492B4D0D6E002F1496 /* UserTVC.xib */,
			);
			path = View;
			sourceTree = "<group>";
		};
		04FDB4452B4D0D3F002F1496 /* Model */ = {
			isa = PBXGroup;
			children = (
				04FDB4462B4D0D51002F1496 /* UserModelSwift.swift */,
			);
			path = Model;
			sourceTree = "<group>";
		};
/* End PBXGroup section */

/* Begin PBXNativeTarget section */
		04FDB4202B4D0A28002F1496 /* CRUDCoreDataSwift */ = {
			isa = PBXNativeTarget;
			buildConfigurationList = 04FDB4382B4D0A2A002F1496 /* Build configuration list for PBXNativeTarget "CRUDCoreDataSwift" */;
			buildPhases = (
				04FDB41D2B4D0A28002F1496 /* Sources */,
				04FDB41E2B4D0A28002F1496 /* Frameworks */,
				04FDB41F2B4D0A28002F1496 /* Resources */,
			);
			buildRules = (
			);
			dependencies = (
			);
			name = CRUDCoreDataSwift;
			packageProductDependencies = (
				04CC6EDC2B4D26C900C6815F /* IQKeyboardManagerSwift */,
			);
			productName = CRUDCoreDataSwift;
			productReference = 04FDB4212B4D0A28002F1496 /* CRUDCoreDataSwift.app */;
			productType = "com.apple.product-type.application";
		};
/* End PBXNativeTarget section */

/* Begin PBXProject section */
		04FDB4192B4D0A28002F1496 /* Project object */ = {
			isa = PBXProject;
			attributes = {
				BuildIndependentTargetsInParallel = 1;
				LastSwiftUpdateCheck = 1510;
				LastUpgradeCheck = 1510;
				TargetAttributes = {
					04FDB4202B4D0A28002F1496 = {
						CreatedOnToolsVersion = 15.1;
					};
				};
			};
			buildConfigurationList = 04FDB41C2B4D0A28002F1496 /* Build configuration list for PBXProject "CRUDCoreDataSwift" */;
			compatibilityVersion = "Xcode 14.0";
			developmentRegion = en;
			hasScannedForEncodings = 0;
			knownRegions = (
				en,
				Base,
			);
			mainGroup = 04FDB4182B4D0A28002F1496;
			packageReferences = (
				04CC6EDB2B4D26C900C6815F /* XCRemoteSwiftPackageReference "IQKeyboardManager" */,
			);
			productRefGroup = 04FDB4222B4D0A28002F1496 /* Products */;
			projectDirPath = "";
			projectRoot = "";
			targets = (
				04FDB4202B4D0A28002F1496 /* CRUDCoreDataSwift */,
			);
		};
/* End PBXProject section */

/* Begin PBXResourcesBuildPhase section */
		04FDB41F2B4D0A28002F1496 /* Resources */ = {
			isa = PBXResourcesBuildPhase;
			buildActionMask = 2147483647;
			files = (
				04FDB44B2B4D0D6E002F1496 /* UserTVC.xib in Resources */,
				04FDB4342B4D0A2A002F1496 /* LaunchScreen.storyboard in Resources */,
				04FDB4312B4D0A2A002F1496 /* Assets.xcassets in Resources */,
				04FDB42C2B4D0A28002F1496 /* Main.storyboard in Resources */,
			);
			runOnlyForDeploymentPostprocessing = 0;
		};
/* End PBXResourcesBuildPhase section */

/* Begin PBXSourcesBuildPhase section */
		04FDB41D2B4D0A28002F1496 /* Sources */ = {
			isa = PBXSourcesBuildPhase;
			buildActionMask = 2147483647;
			files = (
				04FDB42F2B4D0A28002F1496 /* CRUDCoreDataSwift.xcdatamodeld in Sources */,
				04FDB4252B4D0A28002F1496 /* AppDelegate.swift in Sources */,
				04FDB44A2B4D0D6E002F1496 /* UserTVC.swift in Sources */,
				04FDB4272B4D0A28002F1496 /* SceneDelegate.swift in Sources */,
				04FDB44D2B4D0D87002F1496 /* RegisterVC.swift in Sources */,
				04FDB4472B4D0D51002F1496 /* UserModelSwift.swift in Sources */,
				04FDB4412B4D0BC4002F1496 /* DataBaseManager.swift in Sources */,
				04FDB44F2B4D0D93002F1496 /* UserListVC.swift in Sources */,
			);
			runOnlyForDeploymentPostprocessing = 0;
		};
/* End PBXSourcesBuildPhase section */

/* Begin PBXVariantGroup section */
		04FDB42A2B4D0A28002F1496 /* Main.storyboard */ = {
			isa = PBXVariantGroup;
			children = (
				04FDB42B2B4D0A28002F1496 /* Base */,
			);
			name = Main.storyboard;
			sourceTree = "<group>";
		};
		04FDB4322B4D0A2A002F1496 /* LaunchScreen.storyboard */ = {
			isa = PBXVariantGroup;
			children = (
				04FDB4332B4D0A2A002F1496 /* Base */,
			);
			name = LaunchScreen.storyboard;
			sourceTree = "<group>";
		};
/* End PBXVariantGroup section */

/* Begin XCBuildConfiguration section */
		04FDB4362B4D0A2A002F1496 /* Debug */ = {
			isa = XCBuildConfiguration;
			buildSettings = {
				ALWAYS_SEARCH_USER_PATHS = NO;
				ASSETCATALOG_COMPILER_GENERATE_SWIFT_ASSET_SYMBOL_EXTENSIONS = YES;
				CLANG_ANALYZER_NONNULL = YES;
				CLANG_ANALYZER_NUMBER_OBJECT_CONVERSION = YES_AGGRESSIVE;
				CLANG_CXX_LANGUAGE_STANDARD = "gnu++20";
				CLANG_ENABLE_MODULES = YES;
				CLANG_ENABLE_OBJC_ARC = YES;
				CLANG_ENABLE_OBJC_WEAK = YES;
				CLANG_WARN_BLOCK_CAPTURE_AUTORELEASING = YES;
				CLANG_WARN_BOOL_CONVERSION = YES;
				CLANG_WARN_COMMA = YES;
				CLANG_WARN_CONSTANT_CONVERSION = YES;
				CLANG_WARN_DEPRECATED_OBJC_IMPLEMENTATIONS = YES;
				CLANG_WARN_DIRECT_OBJC_ISA_USAGE = YES_ERROR;
				CLANG_WARN_DOCUMENTATION_COMMENTS = YES;
				CLANG_WARN_EMPTY_BODY = YES;
				CLANG_WARN_ENUM_CONVERSION = YES;
				CLANG_WARN_INFINITE_RECURSION = YES;
				CLANG_WARN_INT_CONVERSION = YES;
				CLANG_WARN_NON_LITERAL_NULL_CONVERSION = YES;
				CLANG_WARN_OBJC_IMPLICIT_RETAIN_SELF = YES;
				CLANG_WARN_OBJC_LITERAL_CONVERSION = YES;
				CLANG_WARN_OBJC_ROOT_CLASS = YES_ERROR;
				CLANG_WARN_QUOTED_INCLUDE_IN_FRAMEWORK_HEADER = YES;
				CLANG_WARN_RANGE_LOOP_ANALYSIS = YES;
				CLANG_WARN_STRICT_PROTOTYPES = YES;
				CLANG_WARN_SUSPICIOUS_MOVE = YES;
				CLANG_WARN_UNGUARDED_AVAILABILITY = YES_AGGRESSIVE;
				CLANG_WARN_UNREACHABLE_CODE = YES;
				CLANG_WARN__DUPLICATE_METHOD_MATCH = YES;
				COPY_PHASE_STRIP = NO;
				DEBUG_INFORMATION_FORMAT = dwarf;
				ENABLE_STRICT_OBJC_MSGSEND = YES;
				ENABLE_TESTABILITY = YES;
				ENABLE_USER_SCRIPT_SANDBOXING = YES;
				GCC_C_LANGUAGE_STANDARD = gnu17;
				GCC_DYNAMIC_NO_PIC = NO;
				GCC_NO_COMMON_BLOCKS = YES;
				GCC_OPTIMIZATION_LEVEL = 0;
				GCC_PREPROCESSOR_DEFINITIONS = (
					"DEBUG=1",
					"$(inherited)",
				);
				GCC_WARN_64_TO_32_BIT_CONVERSION = YES;
				GCC_WARN_ABOUT_RETURN_TYPE = YES_ERROR;
				GCC_WARN_UNDECLARED_SELECTOR = YES;
				GCC_WARN_UNINITIALIZED_AUTOS = YES_AGGRESSIVE;
				GCC_WARN_UNUSED_FUNCTION = YES;
				GCC_WARN_UNUSED_VARIABLE = YES;
				IPHONEOS_DEPLOYMENT_TARGET = 17.2;
				LOCALIZATION_PREFERS_STRING_CATALOGS = YES;
				MTL_ENABLE_DEBUG_INFO = INCLUDE_SOURCE;
				MTL_FAST_MATH = YES;
				ONLY_ACTIVE_ARCH = YES;
				SDKROOT = iphoneos;
				SWIFT_ACTIVE_COMPILATION_CONDITIONS = "DEBUG $(inherited)";
				SWIFT_OPTIMIZATION_LEVEL = "-Onone";
			};
			name = Debug;
		};
		04FDB4372B4D0A2A002F1496 /* Release */ = {
			isa = XCBuildConfiguration;
			buildSettings = {
				ALWAYS_SEARCH_USER_PATHS = NO;
				ASSETCATALOG_COMPILER_GENERATE_SWIFT_ASSET_SYMBOL_EXTENSIONS = YES;
				CLANG_ANALYZER_NONNULL = YES;
				CLANG_ANALYZER_NUMBER_OBJECT_CONVERSION = YES_AGGRESSIVE;
				CLANG_CXX_LANGUAGE_STANDARD = "gnu++20";
				CLANG_ENABLE_MODULES = YES;
				CLANG_ENABLE_OBJC_ARC = YES;
				CLANG_ENABLE_OBJC_WEAK = YES;
				CLANG_WARN_BLOCK_CAPTURE_AUTORELEASING = YES;
				CLANG_WARN_BOOL_CONVERSION = YES;
				CLANG_WARN_COMMA = YES;
				CLANG_WARN_CONSTANT_CONVERSION = YES;
				CLANG_WARN_DEPRECATED_OBJC_IMPLEMENTATIONS = YES;
				CLANG_WARN_DIRECT_OBJC_ISA_USAGE = YES_ERROR;
				CLANG_WARN_DOCUMENTATION_COMMENTS = YES;
				CLANG_WARN_EMPTY_BODY = YES;
				CLANG_WARN_ENUM_CONVERSION = YES;
				CLANG_WARN_INFINITE_RECURSION = YES;
				CLANG_WARN_INT_CONVERSION = YES;
				CLANG_WARN_NON_LITERAL_NULL_CONVERSION = YES;
				CLANG_WARN_OBJC_IMPLICIT_RETAIN_SELF = YES;
				CLANG_WARN_OBJC_LITERAL_CONVERSION = YES;
				CLANG_WARN_OBJC_ROOT_CLASS = YES_ERROR;
				CLANG_WARN_QUOTED_INCLUDE_IN_FRAMEWORK_HEADER = YES;
				CLANG_WARN_RANGE_LOOP_ANALYSIS = YES;
				CLANG_WARN_STRICT_PROTOTYPES = YES;
				CLANG_WARN_SUSPICIOUS_MOVE = YES;
				CLANG_WARN_UNGUARDED_AVAILABILITY = YES_AGGRESSIVE;
				CLANG_WARN_UNREACHABLE_CODE = YES;
				CLANG_WARN__DUPLICATE_METHOD_MATCH = YES;
				COPY_PHASE_STRIP = NO;
				DEBUG_INFORMATION_FORMAT = "dwarf-with-dsym";
				ENABLE_NS_ASSERTIONS = NO;
				ENABLE_STRICT_OBJC_MSGSEND = YES;
				ENABLE_USER_SCRIPT_SANDBOXING = YES;
				GCC_C_LANGUAGE_STANDARD = gnu17;
				GCC_NO_COMMON_BLOCKS = YES;
				GCC_WARN_64_TO_32_BIT_CONVERSION = YES;
				GCC_WARN_ABOUT_RETURN_TYPE = YES_ERROR;
				GCC_WARN_UNDECLARED_SELECTOR = YES;
				GCC_WARN_UNINITIALIZED_AUTOS = YES_AGGRESSIVE;
				GCC_WARN_UNUSED_FUNCTION = YES;
				GCC_WARN_UNUSED_VARIABLE = YES;
				IPHONEOS_DEPLOYMENT_TARGET = 17.2;
				LOCALIZATION_PREFERS_STRING_CATALOGS = YES;
				MTL_ENABLE_DEBUG_INFO = NO;
				MTL_FAST_MATH = YES;
				SDKROOT = iphoneos;
				SWIFT_COMPILATION_MODE = wholemodule;
				VALIDATE_PRODUCT = YES;
			};
			name = Release;
		};
		04FDB4392B4D0A2A002F1496 /* Debug */ = {
			isa = XCBuildConfiguration;
			buildSettings = {
				ASSETCATALOG_COMPILER_APPICON_NAME = AppIcon;
				ASSETCATALOG_COMPILER_GLOBAL_ACCENT_COLOR_NAME = AccentColor;
				CODE_SIGN_STYLE = Automatic;
				CURRENT_PROJECT_VERSION = 1;
				DEVELOPMENT_TEAM = 4N63T7C9Y8;
				GENERATE_INFOPLIST_FILE = YES;
				INFOPLIST_FILE = CRUDCoreDataSwift/Info.plist;
				INFOPLIST_KEY_UIApplicationSupportsIndirectInputEvents = YES;
				INFOPLIST_KEY_UILaunchStoryboardName = LaunchScreen;
				INFOPLIST_KEY_UIMainStoryboardFile = Main;
				INFOPLIST_KEY_UISupportedInterfaceOrientations_iPad = "UIInterfaceOrientationPortrait UIInterfaceOrientationPortraitUpsideDown UIInterfaceOrientationLandscapeLeft UIInterfaceOrientationLandscapeRight";
				INFOPLIST_KEY_UISupportedInterfaceOrientations_iPhone = "UIInterfaceOrientationPortrait UIInterfaceOrientationLandscapeLeft UIInterfaceOrientationLandscapeRight";
				LD_RUNPATH_SEARCH_PATHS = (
					"$(inherited)",
					"@executable_path/Frameworks",
				);
				MARKETING_VERSION = 1.0;
				PRODUCT_BUNDLE_IDENTIFIER = com.swiftcoredata.CRUDCoreDataSwift;
				PRODUCT_NAME = "$(TARGET_NAME)";
				SWIFT_EMIT_LOC_STRINGS = YES;
				SWIFT_VERSION = 5.0;
				TARGETED_DEVICE_FAMILY = "1,2";
			};
			name = Debug;
		};
		04FDB43A2B4D0A2A002F1496 /* Release */ = {
			isa = XCBuildConfiguration;
			buildSettings = {
				ASSETCATALOG_COMPILER_APPICON_NAME = AppIcon;
				ASSETCATALOG_COMPILER_GLOBAL_ACCENT_COLOR_NAME = AccentColor;
				CODE_SIGN_STYLE = Automatic;
				CURRENT_PROJECT_VERSION = 1;
				DEVELOPMENT_TEAM = 4N63T7C9Y8;
				GENERATE_INFOPLIST_FILE = YES;
				INFOPLIST_FILE = CRUDCoreDataSwift/Info.plist;
				INFOPLIST_KEY_UIApplicationSupportsIndirectInputEvents = YES;
				INFOPLIST_KEY_UILaunchStoryboardName = LaunchScreen;
				INFOPLIST_KEY_UIMainStoryboardFile = Main;
				INFOPLIST_KEY_UISupportedInterfaceOrientations_iPad = "UIInterfaceOrientationPortrait UIInterfaceOrientationPortraitUpsideDown UIInterfaceOrientationLandscapeLeft UIInterfaceOrientationLandscapeRight";
				INFOPLIST_KEY_UISupportedInterfaceOrientations_iPhone = "UIInterfaceOrientationPortrait UIInterfaceOrientationLandscapeLeft UIInterfaceOrientationLandscapeRight";
				LD_RUNPATH_SEARCH_PATHS = (
					"$(inherited)",
					"@executable_path/Frameworks",
				);
				MARKETING_VERSION = 1.0;
				PRODUCT_BUNDLE_IDENTIFIER = com.swiftcoredata.CRUDCoreDataSwift;
				PRODUCT_NAME = "$(TARGET_NAME)";
				SWIFT_EMIT_LOC_STRINGS = YES;
				SWIFT_VERSION = 5.0;
				TARGETED_DEVICE_FAMILY = "1,2";
			};
			name = Release;
		};
/* End XCBuildConfiguration section */

/* Begin XCConfigurationList section */
		04FDB41C2B4D0A28002F1496 /* Build configuration list for PBXProject "CRUDCoreDataSwift" */ = {
			isa = XCConfigurationList;
			buildConfigurations = (
				04FDB4362B4D0A2A002F1496 /* Debug */,
				04FDB4372B4D0A2A002F1496 /* Release */,
			);
			defaultConfigurationIsVisible = 0;
			defaultConfigurationName = Release;
		};
		04FDB4382B4D0A2A002F1496 /* Build configuration list for PBXNativeTarget "CRUDCoreDataSwift" */ = {
			isa = XCConfigurationList;
			buildConfigurations = (
				04FDB4392B4D0A2A002F1496 /* Debug */,
				04FDB43A2B4D0A2A002F1496 /* Release */,
			);
			defaultConfigurationIsVisible = 0;
			defaultConfigurationName = Release;
		};
/* End XCConfigurationList section */

/* Begin XCRemoteSwiftPackageReference section */
		04CC6EDB2B4D26C900C6815F /* XCRemoteSwiftPackageReference "IQKeyboardManager" */ = {
			isa = XCRemoteSwiftPackageReference;
			repositoryURL = "https://github.com/hackiftekhar/IQKeyboardManager.git";
			requirement = {
				kind = upToNextMajorVersion;
				minimumVersion = 6.5.16;
			};
		};
/* End XCRemoteSwiftPackageReference section */

/* Begin XCSwiftPackageProductDependency section */
		04CC6EDC2B4D26C900C6815F /* IQKeyboardManagerSwift */ = {
			isa = XCSwiftPackageProductDependency;
			package = 04CC6EDB2B4D26C900C6815F /* XCRemoteSwiftPackageReference "IQKeyboardManager" */;
			productName = IQKeyboardManagerSwift;
		};
/* End XCSwiftPackageProductDependency section */

/* Begin XCVersionGroup section */
		04FDB42D2B4D0A28002F1496 /* CRUDCoreDataSwift.xcdatamodeld */ = {
			isa = XCVersionGroup;
			children = (
				04FDB42E2B4D0A28002F1496 /* CRUDCoreDataSwift.xcdatamodel */,
			);
			currentVersion = 04FDB42E2B4D0A28002F1496 /* CRUDCoreDataSwift.xcdatamodel */;
			path = CRUDCoreDataSwift.xcdatamodeld;
			sourceTree = "<group>";
			versionGroupType = wrapper.xcdatamodel;
		};
/* End XCVersionGroup section */
	};
	rootObject = 04FDB4192B4D0A28002F1496 /* Project object */;
}
